
Microsoft Visual Studio Solution File, Format Version 12.00
# Visual Studio 2013
VisualStudioVersion = 12.0.21005.1
MinimumVisualStudioVersion = 10.0.40219.1
Project("{FAE04EC0-301F-11D3-BF4B-00C04F79EFBC}") = "CMSSite", "CMSSite\CMSSite.csproj", "{7F6CEC62-5637-4F4C-8387-3838466EB439}"
EndProject
Project("{FAE04EC0-301F-11D3-BF4B-00C04F79EFBC}") = "WebApp.Manager", "WebApp.Manager\WebApp.Manager.csproj", "{DA859E9C-978E-4D75-AF9E-78DA44F37690}"
EndProject
Global
	GlobalSection(SolutionConfigurationPlatforms) = preSolution
		Debug|Any CPU = Debug|Any CPU
		Release|Any CPU = Release|Any CPU
	EndGlobalSection
	GlobalSection(ProjectConfigurationPlatforms) = postSolution
		{7F6CEC62-5637-4F4C-8387-3838466EB439}.Debug|Any CPU.ActiveCfg = Debug|Any CPU
		{7F6CEC62-5637-4F4C-8387-3838466EB439}.Debug|Any CPU.Build.0 = Debug|Any CPU
		{7F6CEC62-5637-4F4C-8387-3838466EB439}.Release|Any CPU.ActiveCfg = Release|Any CPU
		{7F6CEC62-5637-4F4C-8387-3838466EB439}.Release|Any CPU.Build.0 = Release|Any CPU
		{DA859E9C-978E-4D75-AF9E-78DA44F37690}.Debug|Any CPU.ActiveCfg = Debug|Any CPU
		{DA859E9C-978E-4D75-AF9E-78DA44F37690}.Debug|Any CPU.Build.0 = Debug|Any CPU
		{DA859E9C-978E-4D75-AF9E-78DA44F37690}.Release|Any CPU.ActiveCfg = Release|Any CPU
		{DA859E9C-978E-4D75-AF9E-78DA44F37690}.Release|Any CPU.Build.0 = Release|Any CPU
	EndGlobalSection
	GlobalSection(SolutionProperties) = preSolution
		HideSolutionNode = FALSE
	EndGlobalSection
EndGlobal
