
Microsoft Visual Studio Solution File, Format Version 12.00
# Visual Studio 2013
VisualStudioVersion = 12.0.21005.1
MinimumVisualStudioVersion = 10.0.40219.1
Project("{FAE04EC0-301F-11D3-BF4B-00C04F79EFBC}") = "Nike.Web", "NikeMVCVM\Nike.Web.csproj", "{09F98555-E030-42E7-ADB2-9327CEE317E7}"
EndProject
Project("{FAE04EC0-301F-11D3-BF4B-00C04F79EFBC}") = "Nike.DataLayer", "Nike.DataLayer\Nike.DataLayer.csproj", "{98E824FF-0FA9-435A-8A8A-EBDF75922015}"
EndProject
Project("{FAE04EC0-301F-11D3-BF4B-00C04F79EFBC}") = "Nike.Business", "Nike.Business\Nike.Business.csproj", "{9E5FC0BE-D971-41EC-B8B0-3B91CEDAB1FB}"
EndProject
Global
	GlobalSection(SolutionConfigurationPlatforms) = preSolution
		Debug|Any CPU = Debug|Any CPU
		Release|Any CPU = Release|Any CPU
	EndGlobalSection
	GlobalSection(ProjectConfigurationPlatforms) = postSolution
		{09F98555-E030-42E7-ADB2-9327CEE317E7}.Debug|Any CPU.ActiveCfg = Debug|Any CPU
		{09F98555-E030-42E7-ADB2-9327CEE317E7}.Debug|Any CPU.Build.0 = Debug|Any CPU
		{09F98555-E030-42E7-ADB2-9327CEE317E7}.Release|Any CPU.ActiveCfg = Release|Any CPU
		{09F98555-E030-42E7-ADB2-9327CEE317E7}.Release|Any CPU.Build.0 = Release|Any CPU
		{98E824FF-0FA9-435A-8A8A-EBDF75922015}.Debug|Any CPU.ActiveCfg = Debug|Any CPU
		{98E824FF-0FA9-435A-8A8A-EBDF75922015}.Debug|Any CPU.Build.0 = Debug|Any CPU
		{98E824FF-0FA9-435A-8A8A-EBDF75922015}.Release|Any CPU.ActiveCfg = Release|Any CPU
		{98E824FF-0FA9-435A-8A8A-EBDF75922015}.Release|Any CPU.Build.0 = Release|Any CPU
		{9E5FC0BE-D971-41EC-B8B0-3B91CEDAB1FB}.Debug|Any CPU.ActiveCfg = Debug|Any CPU
		{9E5FC0BE-D971-41EC-B8B0-3B91CEDAB1FB}.Debug|Any CPU.Build.0 = Debug|Any CPU
		{9E5FC0BE-D971-41EC-B8B0-3B91CEDAB1FB}.Release|Any CPU.ActiveCfg = Release|Any CPU
		{9E5FC0BE-D971-41EC-B8B0-3B91CEDAB1FB}.Release|Any CPU.Build.0 = Release|Any CPU
	EndGlobalSection
	GlobalSection(SolutionProperties) = preSolution
		HideSolutionNode = FALSE
	EndGlobalSection
EndGlobal
